
Microsoft Visual Studio Solution File, Format Version 12.00
# Visual Studio Version 17
VisualStudioVersion = 17.10.34928.147
MinimumVisualStudioVersion = 10.0.40219.1
Project("{FAE04EC0-301F-11D3-BF4B-00C04F79EFBC}") = "Data", "Data\Data.csproj", "{70FEA9CE-2BD4-4D28-ACE4-1B0413FAA941}"
EndProject
Project("{FAE04EC0-301F-11D3-BF4B-00C04F79EFBC}") = "API", "API\API.csproj", "{6A299FDC-DF81-4AA5-9E6E-7A33AFA4D58F}"
EndProject
Project("{FAE04EC0-301F-11D3-BF4B-00C04F79EFBC}") = "ServiceDomain", "ServiceDomain\ServiceDomain.csproj", "{9B28A2F5-FB6F-48ED-BB4E-8F6231A5711E}"
EndProject
Global
	GlobalSection(SolutionConfigurationPlatforms) = preSolution
		Debug|Any CPU = Debug|Any CPU
		Release|Any CPU = Release|Any CPU
	EndGlobalSection
	GlobalSection(ProjectConfigurationPlatforms) = postSolution
		{70FEA9CE-2BD4-4D28-ACE4-1B0413FAA941}.Debug|Any CPU.ActiveCfg = Debug|Any CPU
		{70FEA9CE-2BD4-4D28-ACE4-1B0413FAA941}.Debug|Any CPU.Build.0 = Debug|Any CPU
		{70FEA9CE-2BD4-4D28-ACE4-1B0413FAA941}.Release|Any CPU.ActiveCfg = Release|Any CPU
		{70FEA9CE-2BD4-4D28-ACE4-1B0413FAA941}.Release|Any CPU.Build.0 = Release|Any CPU
		{6A299FDC-DF81-4AA5-9E6E-7A33AFA4D58F}.Debug|Any CPU.ActiveCfg = Debug|Any CPU
		{6A299FDC-DF81-4AA5-9E6E-7A33AFA4D58F}.Debug|Any CPU.Build.0 = Debug|Any CPU
		{6A299FDC-DF81-4AA5-9E6E-7A33AFA4D58F}.Release|Any CPU.ActiveCfg = Release|Any CPU
		{6A299FDC-DF81-4AA5-9E6E-7A33AFA4D58F}.Release|Any CPU.Build.0 = Release|Any CPU
		{9B28A2F5-FB6F-48ED-BB4E-8F6231A5711E}.Debug|Any CPU.ActiveCfg = Debug|Any CPU
		{9B28A2F5-FB6F-48ED-BB4E-8F6231A5711E}.Debug|Any CPU.Build.0 = Debug|Any CPU
		{9B28A2F5-FB6F-48ED-BB4E-8F6231A5711E}.Release|Any CPU.ActiveCfg = Release|Any CPU
		{9B28A2F5-FB6F-48ED-BB4E-8F6231A5711E}.Release|Any CPU.Build.0 = Release|Any CPU
	EndGlobalSection
	GlobalSection(SolutionProperties) = preSolution
		HideSolutionNode = FALSE
	EndGlobalSection
	GlobalSection(ExtensibilityGlobals) = postSolution
		SolutionGuid = {4FE28614-B9BE-472E-A806-E411CCC5AD22}
	EndGlobalSection
EndGlobal
